
Microsoft Visual Studio Solution File, Format Version 12.00
# Visual Studio Version 17
VisualStudioVersion = 17.9.34714.143
MinimumVisualStudioVersion = 10.0.40219.1
Project("{9A19103F-16F7-4668-BE54-9A1E7A4F7556}") = "Reveal.Dashboard.Linking", "Reveal.Dashboard.Linking.csproj", "{1FB59F63-DD8E-4C40-A5DB-41B6505DF900}"
EndProject
Global
	GlobalSection(SolutionConfigurationPlatforms) = preSolution
		Debug|Any CPU = Debug|Any CPU
		Debug|x64 = Debug|x64
		Release|Any CPU = Release|Any CPU
		Release|x64 = Release|x64
	EndGlobalSection
	GlobalSection(ProjectConfigurationPlatforms) = postSolution
		{1FB59F63-DD8E-4C40-A5DB-41B6505DF900}.Debug|Any CPU.ActiveCfg = Debug|Any CPU
		{1FB59F63-DD8E-4C40-A5DB-41B6505DF900}.Debug|Any CPU.Build.0 = Debug|Any CPU
		{1FB59F63-DD8E-4C40-A5DB-41B6505DF900}.Debug|x64.ActiveCfg = Debug|x64
		{1FB59F63-DD8E-4C40-A5DB-41B6505DF900}.Debug|x64.Build.0 = Debug|x64
		{1FB59F63-DD8E-4C40-A5DB-41B6505DF900}.Release|Any CPU.ActiveCfg = Release|Any CPU
		{1FB59F63-DD8E-4C40-A5DB-41B6505DF900}.Release|Any CPU.Build.0 = Release|Any CPU
		{1FB59F63-DD8E-4C40-A5DB-41B6505DF900}.Release|x64.ActiveCfg = Release|x64
		{1FB59F63-DD8E-4C40-A5DB-41B6505DF900}.Release|x64.Build.0 = Release|x64
	EndGlobalSection
	GlobalSection(SolutionProperties) = preSolution
		HideSolutionNode = FALSE
	EndGlobalSection
	GlobalSection(ExtensibilityGlobals) = postSolution
		SolutionGuid = {6DA32778-6061-449D-9277-2BF6B1B05CB3}
	EndGlobalSection
EndGlobal
